
Microsoft Visual Studio Solution File, Format Version 12.00
# Visual Studio Version 17
VisualStudioVersion = 17.14.36301.6 d17.14
MinimumVisualStudioVersion = 10.0.40219.1
Project("{FAE04EC0-301F-11D3-BF4B-00C04F79EFBC}") = "DirectInputChecker", "DirectInputChecker\DirectInputChecker.csproj", "{68FE1983-EC3C-4C51-8842-E7E510A2BEC1}"
EndProject
Global
	GlobalSection(SolutionConfigurationPlatforms) = preSolution
		Debug|Any CPU = Debug|Any CPU
		Release|Any CPU = Release|Any CPU
	EndGlobalSection
	GlobalSection(ProjectConfigurationPlatforms) = postSolution
		{68FE1983-EC3C-4C51-8842-E7E510A2BEC1}.Debug|Any CPU.ActiveCfg = Debug|Any CPU
		{68FE1983-EC3C-4C51-8842-E7E510A2BEC1}.Debug|Any CPU.Build.0 = Debug|Any CPU
		{68FE1983-EC3C-4C51-8842-E7E510A2BEC1}.Release|Any CPU.ActiveCfg = Release|Any CPU
		{68FE1983-EC3C-4C51-8842-E7E510A2BEC1}.Release|Any CPU.Build.0 = Release|Any CPU
	EndGlobalSection
	GlobalSection(SolutionProperties) = preSolution
		HideSolutionNode = FALSE
	EndGlobalSection
	GlobalSection(ExtensibilityGlobals) = postSolution
		SolutionGuid = {D1101339-148C-4AA2-A479-2EFC098AA4FA}
	EndGlobalSection
EndGlobal
